// !$*UTF8*$!
{
	archiveVersion = 1;
	classes = {
	};
	objectVersion = 55;
	objects = {

/* Begin PBXBuildFile section */
		2B21F88C27AA7F5300E42977 /* AppDelegate.swift in Sources */ = {isa = PBXBuildFile; fileRef = 2B21F88B27AA7F5300E42977 /* AppDelegate.swift */; };
		2B21F88E27AA7F5300E42977 /* SceneDelegate.swift in Sources */ = {isa = PBXBuildFile; fileRef = 2B21F88D27AA7F5300E42977 /* SceneDelegate.swift */; };
		2B21F89027AA7F5300E42977 /* ViewController.swift in Sources */ = {isa = PBXBuildFile; fileRef = 2B21F88F27AA7F5300E42977 /* ViewController.swift */; };
		2B21F89327AA7F5400E42977 /* Main.storyboard in Resources */ = {isa = PBXBuildFile; fileRef = 2B21F89127AA7F5400E42977 /* Main.storyboard */; };
		2B21F89527AA7F5500E42977 /* Assets.xcassets in Resources */ = {isa = PBXBuildFile; fileRef = 2B21F89427AA7F5500E42977 /* Assets.xcassets */; };
		2B21F89827AA7F5500E42977 /* LaunchScreen.storyboard in Resources */ = {isa = PBXBuildFile; fileRef = 2B21F89627AA7F5500E42977 /* LaunchScreen.storyboard */; };
		2B21F8A327AA7F5600E42977 /* DemoIOSTests.swift in Sources */ = {isa = PBXBuildFile; fileRef = 2B21F8A227AA7F5600E42977 /* DemoIOSTests.swift */; };
		2B21F8AD27AA7F5600E42977 /* DemoIOSUITests.swift in Sources */ = {isa = PBXBuildFile; fileRef = 2B21F8AC27AA7F5600E42977 /* DemoIOSUITests.swift */; };
		2B21F8AF27AA7F5600E42977 /* DemoIOSUITestsLaunchTests.swift in Sources */ = {isa = PBXBuildFile; fileRef = 2B21F8AE27AA7F5600E42977 /* DemoIOSUITestsLaunchTests.swift */; };
/* End PBXBuildFile section */

/* Begin PBXContainerItemProxy section */
		2B21F89F27AA7F5600E42977 /* PBXContainerItemProxy */ = {
			isa = PBXContainerItemProxy;
			containerPortal = 2B21F88027AA7F5300E42977 /* Project object */;
			proxyType = 1;
			remoteGlobalIDString = 2B21F88727AA7F5300E42977;
			remoteInfo = DemoIOS;
		};
		2B21F8A927AA7F5600E42977 /* PBXContainerItemProxy */ = {
			isa = PBXContainerItemProxy;
			containerPortal = 2B21F88027AA7F5300E42977 /* Project object */;
			proxyType = 1;
			remoteGlobalIDString = 2B21F88727AA7F5300E42977;
			remoteInfo = DemoIOS;
		};
/* End PBXContainerItemProxy section */

/* Begin PBXFileReference section */
		2B21F88827AA7F5300E42977 /* DemoIOS.app */ = {isa = PBXFileReference; explicitFileType = wrapper.application; includeInIndex = 0; path = DemoIOS.app; sourceTree = BUILT_PRODUCTS_DIR; };
		2B21F88B27AA7F5300E42977 /* AppDelegate.swift */ = {isa = PBXFileReference; lastKnownFileType = sourcecode.swift; path = AppDelegate.swift; sourceTree = "<group>"; };
		2B21F88D27AA7F5300E42977 /* SceneDelegate.swift */ = {isa = PBXFileReference; lastKnownFileType = sourcecode.swift; path = SceneDelegate.swift; sourceTree = "<group>"; };
		2B21F88F27AA7F5300E42977 /* ViewController.swift */ = {isa = PBXFileReference; lastKnownFileType = sourcecode.swift; path = ViewController.swift; sourceTree = "<group>"; };
		2B21F89227AA7F5400E42977 /* Base */ = {isa = PBXFileReference; lastKnownFileType = file.storyboard; name = Base; path = Base.lproj/Main.storyboard; sourceTree = "<group>"; };
		2B21F89427AA7F5500E42977 /* Assets.xcassets */ = {isa = PBXFileReference; lastKnownFileType = folder.assetcatalog; path = Assets.xcassets; sourceTree = "<group>"; };
		2B21F89727AA7F5500E42977 /* Base */ = {isa = PBXFileReference; lastKnownFileType = file.storyboard; name = Base; path = Base.lproj/LaunchScreen.storyboard; sourceTree = "<group>"; };
		2B21F89927AA7F5500E42977 /* Info.plist */ = {isa = PBXFileReference; lastKnownFileType = text.plist.xml; path = Info.plist; sourceTree = "<group>"; };
		2B21F89E27AA7F5600E42977 /* DemoIOSTests.xctest */ = {isa = PBXFileReference; explicitFileType = wrapper.cfbundle; includeInIndex = 0; path = DemoIOSTests.xctest; sourceTree = BUILT_PRODUCTS_DIR; };
		2B21F8A227AA7F5600E42977 /* DemoIOSTests.swift */ = {isa = PBXFileReference; lastKnownFileType = sourcecode.swift; path = DemoIOSTests.swift; sourceTree = "<group>"; };
		2B21F8A827AA7F5600E42977 /* DemoIOSUITests.xctest */ = {isa = PBXFileReference; explicitFileType = wrapper.cfbundle; includeInIndex = 0; path = DemoIOSUITests.xctest; sourceTree = BUILT_PRODUCTS_DIR; };
		2B21F8AC27AA7F5600E42977 /* DemoIOSUITests.swift */ = {isa = PBXFileReference; lastKnownFileType = sourcecode.swift; path = DemoIOSUITests.swift; sourceTree = "<group>"; };
		2B21F8AE27AA7F5600E42977 /* DemoIOSUITestsLaunchTests.swift */ = {isa = PBXFileReference; lastKnownFileType = sourcecode.swift; path = DemoIOSUITestsLaunchTests.swift; sourceTree = "<group>"; };
/* End PBXFileReference section */

/* Begin PBXFrameworksBuildPhase section */
		2B21F88527AA7F5300E42977 /* Frameworks */ = {
			isa = PBXFrameworksBuildPhase;
			buildActionMask = 2147483647;
			files = (
			);
			runOnlyForDeploymentPostprocessing = 0;
		};
		2B21F89B27AA7F5600E42977 /* Frameworks */ = {
			isa = PBXFrameworksBuildPhase;
			buildActionMask = 2147483647;
			files = (
			);
			runOnlyForDeploymentPostprocessing = 0;
		};
		2B21F8A527AA7F5600E42977 /* Frameworks */ = {
			isa = PBXFrameworksBuildPhase;
			buildActionMask = 2147483647;
			files = (
			);
			runOnlyForDeploymentPostprocessing = 0;
		};
/* End PBXFrameworksBuildPhase section */

/* Begin PBXGroup section */
		2B21F87F27AA7F5300E42977 = {
			isa = PBXGroup;
			children = (
				2B21F88A27AA7F5300E42977 /* DemoIOS */,
				2B21F8A127AA7F5600E42977 /* DemoIOSTests */,
				2B21F8AB27AA7F5600E42977 /* DemoIOSUITests */,
				2B21F88927AA7F5300E42977 /* Products */,
			);
			sourceTree = "<group>";
		};
		2B21F88927AA7F5300E42977 /* Products */ = {
			isa = PBXGroup;
			children = (
				2B21F88827AA7F5300E42977 /* DemoIOS.app */,
				2B21F89E27AA7F5600E42977 /* DemoIOSTests.xctest */,
				2B21F8A827AA7F5600E42977 /* DemoIOSUITests.xctest */,
			);
			name = Products;
			sourceTree = "<group>";
		};
		2B21F88A27AA7F5300E42977 /* DemoIOS */ = {
			isa = PBXGroup;
			children = (
				2B21F88B27AA7F5300E42977 /* AppDelegate.swift */,
				2B21F88D27AA7F5300E42977 /* SceneDelegate.swift */,
				2B21F88F27AA7F5300E42977 /* ViewController.swift */,
				2B21F89127AA7F5400E42977 /* Main.storyboard */,
				2B21F89427AA7F5500E42977 /* Assets.xcassets */,
				2B21F89627AA7F5500E42977 /* LaunchScreen.storyboard */,
				2B21F89927AA7F5500E42977 /* Info.plist */,
			);
			path = DemoIOS;
			sourceTree = "<group>";
		};
		2B21F8A127AA7F5600E42977 /* DemoIOSTests */ = {
			isa = PBXGroup;
			children = (
				2B21F8A227AA7F5600E42977 /* DemoIOSTests.swift */,
			);
			path = DemoIOSTests;
			sourceTree = "<group>";
		};
		2B21F8AB27AA7F5600E42977 /* DemoIOSUITests */ = {
			isa = PBXGroup;
			children = (
				2B21F8AC27AA7F5600E42977 /* DemoIOSUITests.swift */,
				2B21F8AE27AA7F5600E42977 /* DemoIOSUITestsLaunchTests.swift */,
			);
			path = DemoIOSUITests;
			sourceTree = "<group>";
		};
/* End PBXGroup section */

/* Begin PBXNativeTarget section */
		2B21F88727AA7F5300E42977 /* DemoIOS */ = {
			isa = PBXNativeTarget;
			buildConfigurationList = 2B21F8B227AA7F5600E42977 /* Build configuration list for PBXNativeTarget "DemoIOS" */;
			buildPhases = (
				2B21F88427AA7F5300E42977 /* Sources */,
				2B21F88527AA7F5300E42977 /* Frameworks */,
				2B21F88627AA7F5300E42977 /* Resources */,
			);
			buildRules = (
			);
			dependencies = (
			);
			name = DemoIOS;
			productName = DemoIOS;
			productReference = 2B21F88827AA7F5300E42977 /* DemoIOS.app */;
			productType = "com.apple.product-type.application";
		};
		2B21F89D27AA7F5600E42977 /* DemoIOSTests */ = {
			isa = PBXNativeTarget;
			buildConfigurationList = 2B21F8B527AA7F5600E42977 /* Build configuration list for PBXNativeTarget "DemoIOSTests" */;
			buildPhases = (
				2B21F89A27AA7F5600E42977 /* Sources */,
				2B21F89B27AA7F5600E42977 /* Frameworks */,
				2B21F89C27AA7F5600E42977 /* Resources */,
			);
			buildRules = (
			);
			dependencies = (
				2B21F8A027AA7F5600E42977 /* PBXTargetDependency */,
			);
			name = DemoIOSTests;
			productName = DemoIOSTests;
			productReference = 2B21F89E27AA7F5600E42977 /* DemoIOSTests.xctest */;
			productType = "com.apple.product-type.bundle.unit-test";
		};
		2B21F8A727AA7F5600E42977 /* DemoIOSUITests */ = {
			isa = PBXNativeTarget;
			buildConfigurationList = 2B21F8B827AA7F5600E42977 /* Build configuration list for PBXNativeTarget "DemoIOSUITests" */;
			buildPhases = (
				2B21F8A427AA7F5600E42977 /* Sources */,
				2B21F8A527AA7F5600E42977 /* Frameworks */,
				2B21F8A627AA7F5600E42977 /* Resources */,
			);
			buildRules = (
			);
			dependencies = (
				2B21F8AA27AA7F5600E42977 /* PBXTargetDependency */,
			);
			name = DemoIOSUITests;
			productName = DemoIOSUITests;
			productReference = 2B21F8A827AA7F5600E42977 /* DemoIOSUITests.xctest */;
			productType = "com.apple.product-type.bundle.ui-testing";
		};
/* End PBXNativeTarget section */

/* Begin PBXProject section */
		2B21F88027AA7F5300E42977 /* Project object */ = {
			isa = PBXProject;
			attributes = {
				BuildIndependentTargetsInParallel = 1;
				LastSwiftUpdateCheck = 1320;
				LastUpgradeCheck = 1320;
				TargetAttributes = {
					2B21F88727AA7F5300E42977 = {
						CreatedOnToolsVersion = 13.2.1;
					};
					2B21F89D27AA7F5600E42977 = {
						CreatedOnToolsVersion = 13.2.1;
						TestTargetID = 2B21F88727AA7F5300E42977;
					};
					2B21F8A727AA7F5600E42977 = {
						CreatedOnToolsVersion = 13.2.1;
						TestTargetID = 2B21F88727AA7F5300E42977;
					};
				};
			};
			buildConfigurationList = 2B21F88327AA7F5300E42977 /* Build configuration list for PBXProject "DemoIOS" */;
			compatibilityVersion = "Xcode 13.0";
			developmentRegion = en;
			hasScannedForEncodings = 0;
			knownRegions = (
				en,
				Base,
			);
			mainGroup = 2B21F87F27AA7F5300E42977;
			productRefGroup = 2B21F88927AA7F5300E42977 /* Products */;
			projectDirPath = "";
			projectRoot = "";
			targets = (
				2B21F88727AA7F5300E42977 /* DemoIOS */,
				2B21F89D27AA7F5600E42977 /* DemoIOSTests */,
				2B21F8A727AA7F5600E42977 /* DemoIOSUITests */,
			);
		};
/* End PBXProject section */

/* Begin PBXResourcesBuildPhase section */
		2B21F88627AA7F5300E42977 /* Resources */ = {
			isa = PBXResourcesBuildPhase;
			buildActionMask = 2147483647;
			files = (
				2B21F89827AA7F5500E42977 /* LaunchScreen.storyboard in Resources */,
				2B21F89527AA7F5500E42977 /* Assets.xcassets in Resources */,
				2B21F89327AA7F5400E42977 /* Main.storyboard in Resources */,
			);
			runOnlyForDeploymentPostprocessing = 0;
		};
		2B21F89C27AA7F5600E42977 /* Resources */ = {
			isa = PBXResourcesBuildPhase;
			buildActionMask = 2147483647;
			files = (
			);
			runOnlyForDeploymentPostprocessing = 0;
		};
		2B21F8A627AA7F5600E42977 /* Resources */ = {
			isa = PBXResourcesBuildPhase;
			buildActionMask = 2147483647;
			files = (
			);
			runOnlyForDeploymentPostprocessing = 0;
		};
/* End PBXResourcesBuildPhase section */

/* Begin PBXSourcesBuildPhase section */
		2B21F88427AA7F5300E42977 /* Sources */ = {
			isa = PBXSourcesBuildPhase;
			buildActionMask = 2147483647;
			files = (
				2B21F89027AA7F5300E42977 /* ViewController.swift in Sources */,
				2B21F88C27AA7F5300E42977 /* AppDelegate.swift in Sources */,
				2B21F88E27AA7F5300E42977 /* SceneDelegate.swift in Sources */,
			);
			runOnlyForDeploymentPostprocessing = 0;
		};
		2B21F89A27AA7F5600E42977 /* Sources */ = {
			isa = PBXSourcesBuildPhase;
			buildActionMask = 2147483647;
			files = (
				2B21F8A327AA7F5600E42977 /* DemoIOSTests.swift in Sources */,
			);
			runOnlyForDeploymentPostprocessing = 0;
		};
		2B21F8A427AA7F5600E42977 /* Sources */ = {
			isa = PBXSourcesBuildPhase;
			buildActionMask = 2147483647;
			files = (
				2B21F8AD27AA7F5600E42977 /* DemoIOSUITests.swift in Sources */,
				2B21F8AF27AA7F5600E42977 /* DemoIOSUITestsLaunchTests.swift in Sources */,
			);
			runOnlyForDeploymentPostprocessing = 0;
		};
/* End PBXSourcesBuildPhase section */

/* Begin PBXTargetDependency section */
		2B21F8A027AA7F5600E42977 /* PBXTargetDependency */ = {
			isa = PBXTargetDependency;
			target = 2B21F88727AA7F5300E42977 /* DemoIOS */;
			targetProxy = 2B21F89F27AA7F5600E42977 /* PBXContainerItemProxy */;
		};
		2B21F8AA27AA7F5600E42977 /* PBXTargetDependency */ = {
			isa = PBXTargetDependency;
			target = 2B21F88727AA7F5300E42977 /* DemoIOS */;
			targetProxy = 2B21F8A927AA7F5600E42977 /* PBXContainerItemProxy */;
		};
/* End PBXTargetDependency section */

/* Begin PBXVariantGroup section */
		2B21F89127AA7F5400E42977 /* Main.storyboard */ = {
			isa = PBXVariantGroup;
			children = (
				2B21F89227AA7F5400E42977 /* Base */,
			);
			name = Main.storyboard;
			sourceTree = "<group>";
		};
		2B21F89627AA7F5500E42977 /* LaunchScreen.storyboard */ = {
			isa = PBXVariantGroup;
			children = (
				2B21F89727AA7F5500E42977 /* Base */,
			);
			name = LaunchScreen.storyboard;
			sourceTree = "<group>";
		};
/* End PBXVariantGroup section */

/* Begin XCBuildConfiguration section */
		2B21F8B027AA7F5600E42977 /* Debug */ = {
			isa = XCBuildConfiguration;
			buildSettings = {
				ALWAYS_SEARCH_USER_PATHS = NO;
				CLANG_ANALYZER_NONNULL = YES;
				CLANG_ANALYZER_NUMBER_OBJECT_CONVERSION = YES_AGGRESSIVE;
				CLANG_CXX_LANGUAGE_STANDARD = "gnu++17";
				CLANG_CXX_LIBRARY = "libc++";
				CLANG_ENABLE_MODULES = YES;
				CLANG_ENABLE_OBJC_ARC = YES;
				CLANG_ENABLE_OBJC_WEAK = YES;
				CLANG_WARN_BLOCK_CAPTURE_AUTORELEASING = YES;
				CLANG_WARN_BOOL_CONVERSION = YES;
				CLANG_WARN_COMMA = YES;
				CLANG_WARN_CONSTANT_CONVERSION = YES;
				CLANG_WARN_DEPRECATED_OBJC_IMPLEMENTATIONS = YES;
				CLANG_WARN_DIRECT_OBJC_ISA_USAGE = YES_ERROR;
				CLANG_WARN_DOCUMENTATION_COMMENTS = YES;
				CLANG_WARN_EMPTY_BODY = YES;
				CLANG_WARN_ENUM_CONVERSION = YES;
				CLANG_WARN_INFINITE_RECURSION = YES;
				CLANG_WARN_INT_CONVERSION = YES;
				CLANG_WARN_NON_LITERAL_NULL_CONVERSION = YES;
				CLANG_WARN_OBJC_IMPLICIT_RETAIN_SELF = YES;
				CLANG_WARN_OBJC_LITERAL_CONVERSION = YES;
				CLANG_WARN_OBJC_ROOT_CLASS = YES_ERROR;
				CLANG_WARN_QUOTED_INCLUDE_IN_FRAMEWORK_HEADER = YES;
				CLANG_WARN_RANGE_LOOP_ANALYSIS = YES;
				CLANG_WARN_STRICT_PROTOTYPES = YES;
				CLANG_WARN_SUSPICIOUS_MOVE = YES;
				CLANG_WARN_UNGUARDED_AVAILABILITY = YES_AGGRESSIVE;
				CLANG_WARN_UNREACHABLE_CODE = YES;
				CLANG_WARN__DUPLICATE_METHOD_MATCH = YES;
				COPY_PHASE_STRIP = NO;
				DEBUG_INFORMATION_FORMAT = dwarf;
				ENABLE_STRICT_OBJC_MSGSEND = YES;
				ENABLE_TESTABILITY = YES;
				GCC_C_LANGUAGE_STANDARD = gnu11;
				GCC_DYNAMIC_NO_PIC = NO;
				GCC_NO_COMMON_BLOCKS = YES;
				GCC_OPTIMIZATION_LEVEL = 0;
				GCC_PREPROCESSOR_DEFINITIONS = (
					"DEBUG=1",
					"$(inherited)",
				);
				GCC_WARN_64_TO_32_BIT_CONVERSION = YES;
				GCC_WARN_ABOUT_RETURN_TYPE = YES_ERROR;
				GCC_WARN_UNDECLARED_SELECTOR = YES;
				GCC_WARN_UNINITIALIZED_AUTOS = YES_AGGRESSIVE;
				GCC_WARN_UNUSED_FUNCTION = YES;
				GCC_WARN_UNUSED_VARIABLE = YES;
				IPHONEOS_DEPLOYMENT_TARGET = 15.2;
				MTL_ENABLE_DEBUG_INFO = INCLUDE_SOURCE;
				MTL_FAST_MATH = YES;
				ONLY_ACTIVE_ARCH = YES;
				SDKROOT = iphoneos;
				SWIFT_ACTIVE_COMPILATION_CONDITIONS = DEBUG;
				SWIFT_OPTIMIZATION_LEVEL = "-Onone";
			};
			name = Debug;
		};
		2B21F8B127AA7F5600E42977 /* Release */ = {
			isa = XCBuildConfiguration;
			buildSettings = {
				ALWAYS_SEARCH_USER_PATHS = NO;
				CLANG_ANALYZER_NONNULL = YES;
				CLANG_ANALYZER_NUMBER_OBJECT_CONVERSION = YES_AGGRESSIVE;
				CLANG_CXX_LANGUAGE_STANDARD = "gnu++17";
				CLANG_CXX_LIBRARY = "libc++";
				CLANG_ENABLE_MODULES = YES;
				CLANG_ENABLE_OBJC_ARC = YES;
				CLANG_ENABLE_OBJC_WEAK = YES;
				CLANG_WARN_BLOCK_CAPTURE_AUTORELEASING = YES;
				CLANG_WARN_BOOL_CONVERSION = YES;
				CLANG_WARN_COMMA = YES;
				CLANG_WARN_CONSTANT_CONVERSION = YES;
				CLANG_WARN_DEPRECATED_OBJC_IMPLEMENTATIONS = YES;
				CLANG_WARN_DIRECT_OBJC_ISA_USAGE = YES_ERROR;
				CLANG_WARN_DOCUMENTATION_COMMENTS = YES;
				CLANG_WARN_EMPTY_BODY = YES;
				CLANG_WARN_ENUM_CONVERSION = YES;
				CLANG_WARN_INFINITE_RECURSION = YES;
				CLANG_WARN_INT_CONVERSION = YES;
				CLANG_WARN_NON_LITERAL_NULL_CONVERSION = YES;
				CLANG_WARN_OBJC_IMPLICIT_RETAIN_SELF = YES;
				CLANG_WARN_OBJC_LITERAL_CONVERSION = YES;
				CLANG_WARN_OBJC_ROOT_CLASS = YES_ERROR;
				CLANG_WARN_QUOTED_INCLUDE_IN_FRAMEWORK_HEADER = YES;
				CLANG_WARN_RANGE_LOOP_ANALYSIS = YES;
				CLANG_WARN_STRICT_PROTOTYPES = YES;
				CLANG_WARN_SUSPICIOUS_MOVE = YES;
				CLANG_WARN_UNGUARDED_AVAILABILITY = YES_AGGRESSIVE;
				CLANG_WARN_UNREACHABLE_CODE = YES;
				CLANG_WARN__DUPLICATE_METHOD_MATCH = YES;
				COPY_PHASE_STRIP = NO;
				DEBUG_INFORMATION_FORMAT = "dwarf-with-dsym";
				ENABLE_NS_ASSERTIONS = NO;
				ENABLE_STRICT_OBJC_MSGSEND = YES;
				GCC_C_LANGUAGE_STANDARD = gnu11;
				GCC_NO_COMMON_BLOCKS = YES;
				GCC_WARN_64_TO_32_BIT_CONVERSION = YES;
				GCC_WARN_ABOUT_RETURN_TYPE = YES_ERROR;
				GCC_WARN_UNDECLARED_SELECTOR = YES;
				GCC_WARN_UNINITIALIZED_AUTOS = YES_AGGRESSIVE;
				GCC_WARN_UNUSED_FUNCTION = YES;
				GCC_WARN_UNUSED_VARIABLE = YES;
				IPHONEOS_DEPLOYMENT_TARGET = 15.2;
				MTL_ENABLE_DEBUG_INFO = NO;
				MTL_FAST_MATH = YES;
				SDKROOT = iphoneos;
				SWIFT_COMPILATION_MODE = wholemodule;
				SWIFT_OPTIMIZATION_LEVEL = "-O";
				VALIDATE_PRODUCT = YES;
			};
			name = Release;
		};
		2B21F8B327AA7F5600E42977 /* Debug */ = {
			isa = XCBuildConfiguration;
			buildSettings = {
				ASSETCATALOG_COMPILER_APPICON_NAME = AppIcon;
				ASSETCATALOG_COMPILER_GLOBAL_ACCENT_COLOR_NAME = AccentColor;
				CODE_SIGN_STYLE = Automatic;
				CURRENT_PROJECT_VERSION = 1;
				GENERATE_INFOPLIST_FILE = YES;
				INFOPLIST_FILE = DemoIOS/Info.plist;
				INFOPLIST_KEY_UIApplicationSupportsIndirectInputEvents = YES;
				INFOPLIST_KEY_UILaunchStoryboardName = LaunchScreen;
				INFOPLIST_KEY_UIMainStoryboardFile = Main;
				INFOPLIST_KEY_UISupportedInterfaceOrientations_iPad = "UIInterfaceOrientationPortrait UIInterfaceOrientationPortraitUpsideDown UIInterfaceOrientationLandscapeLeft UIInterfaceOrientationLandscapeRight";
				INFOPLIST_KEY_UISupportedInterfaceOrientations_iPhone = "UIInterfaceOrientationPortrait UIInterfaceOrientationLandscapeLeft UIInterfaceOrientationLandscapeRight";
				LD_RUNPATH_SEARCH_PATHS = (
					"$(inherited)",
					"@executable_path/Frameworks",
				);
				MARKETING_VERSION = 1.0;
				PRODUCT_BUNDLE_IDENTIFIER = demo.com.DemoIOS;
				PRODUCT_NAME = "$(TARGET_NAME)";
				SWIFT_EMIT_LOC_STRINGS = YES;
				SWIFT_VERSION = 5.0;
				TARGETED_DEVICE_FAMILY = "1,2";
			};
			name = Debug;
		};
		2B21F8B427AA7F5600E42977 /* Release */ = {
			isa = XCBuildConfiguration;
			buildSettings = {
				ASSETCATALOG_COMPILER_APPICON_NAME = AppIcon;
				ASSETCATALOG_COMPILER_GLOBAL_ACCENT_COLOR_NAME = AccentColor;
				CODE_SIGN_STYLE = Automatic;
				CURRENT_PROJECT_VERSION = 1;
				GENERATE_INFOPLIST_FILE = YES;
				INFOPLIST_FILE = DemoIOS/Info.plist;
				INFOPLIST_KEY_UIApplicationSupportsIndirectInputEvents = YES;
				INFOPLIST_KEY_UILaunchStoryboardName = LaunchScreen;
				INFOPLIST_KEY_UIMainStoryboardFile = Main;
				INFOPLIST_KEY_UISupportedInterfaceOrientations_iPad = "UIInterfaceOrientationPortrait UIInterfaceOrientationPortraitUpsideDown UIInterfaceOrientationLandscapeLeft UIInterfaceOrientationLandscapeRight";
				INFOPLIST_KEY_UISupportedInterfaceOrientations_iPhone = "UIInterfaceOrientationPortrait UIInterfaceOrientationLandscapeLeft UIInterfaceOrientationLandscapeRight";
				LD_RUNPATH_SEARCH_PATHS = (
					"$(inherited)",
					"@executable_path/Frameworks",
				);
				MARKETING_VERSION = 1.0;
				PRODUCT_BUNDLE_IDENTIFIER = demo.com.DemoIOS;
				PRODUCT_NAME = "$(TARGET_NAME)";
				SWIFT_EMIT_LOC_STRINGS = YES;
				SWIFT_VERSION = 5.0;
				TARGETED_DEVICE_FAMILY = "1,2";
			};
			name = Release;
		};
		2B21F8B627AA7F5600E42977 /* Debug */ = {
			isa = XCBuildConfiguration;
			buildSettings = {
				ALWAYS_EMBED_SWIFT_STANDARD_LIBRARIES = YES;
				BUNDLE_LOADER = "$(TEST_HOST)";
				CODE_SIGN_STYLE = Automatic;
				CURRENT_PROJECT_VERSION = 1;
				GENERATE_INFOPLIST_FILE = YES;
				IPHONEOS_DEPLOYMENT_TARGET = 15.2;
				MARKETING_VERSION = 1.0;
				PRODUCT_BUNDLE_IDENTIFIER = demo.com.DemoIOSTests;
				PRODUCT_NAME = "$(TARGET_NAME)";
				SWIFT_EMIT_LOC_STRINGS = NO;
				SWIFT_VERSION = 5.0;
				TARGETED_DEVICE_FAMILY = "1,2";
				TEST_HOST = "$(BUILT_PRODUCTS_DIR)/DemoIOS.app/DemoIOS";
			};
			name = Debug;
		};
		2B21F8B727AA7F5600E42977 /* Release */ = {
			isa = XCBuildConfiguration;
			buildSettings = {
				ALWAYS_EMBED_SWIFT_STANDARD_LIBRARIES = YES;
				BUNDLE_LOADER = "$(TEST_HOST)";
				CODE_SIGN_STYLE = Automatic;
				CURRENT_PROJECT_VERSION = 1;
				GENERATE_INFOPLIST_FILE = YES;
				IPHONEOS_DEPLOYMENT_TARGET = 15.2;
				MARKETING_VERSION = 1.0;
				PRODUCT_BUNDLE_IDENTIFIER = demo.com.DemoIOSTests;
				PRODUCT_NAME = "$(TARGET_NAME)";
				SWIFT_EMIT_LOC_STRINGS = NO;
				SWIFT_VERSION = 5.0;
				TARGETED_DEVICE_FAMILY = "1,2";
				TEST_HOST = "$(BUILT_PRODUCTS_DIR)/DemoIOS.app/DemoIOS";
			};
			name = Release;
		};
		2B21F8B927AA7F5600E42977 /* Debug */ = {
			isa = XCBuildConfiguration;
			buildSettings = {
				ALWAYS_EMBED_SWIFT_STANDARD_LIBRARIES = YES;
				CODE_SIGN_STYLE = Automatic;
				CURRENT_PROJECT_VERSION = 1;
				GENERATE_INFOPLIST_FILE = YES;
				MARKETING_VERSION = 1.0;
				PRODUCT_BUNDLE_IDENTIFIER = demo.com.DemoIOSUITests;
				PRODUCT_NAME = "$(TARGET_NAME)";
				SWIFT_EMIT_LOC_STRINGS = NO;
				SWIFT_VERSION = 5.0;
				TARGETED_DEVICE_FAMILY = "1,2";
				TEST_TARGET_NAME = DemoIOS;
			};
			name = Debug;
		};
		2B21F8BA27AA7F5600E42977 /* Release */ = {
			isa = XCBuildConfiguration;
			buildSettings = {
				ALWAYS_EMBED_SWIFT_STANDARD_LIBRARIES = YES;
				CODE_SIGN_STYLE = Automatic;
				CURRENT_PROJECT_VERSION = 1;
				GENERATE_INFOPLIST_FILE = YES;
				MARKETING_VERSION = 1.0;
				PRODUCT_BUNDLE_IDENTIFIER = demo.com.DemoIOSUITests;
				PRODUCT_NAME = "$(TARGET_NAME)";
				SWIFT_EMIT_LOC_STRINGS = NO;
				SWIFT_VERSION = 5.0;
				TARGETED_DEVICE_FAMILY = "1,2";
				TEST_TARGET_NAME = DemoIOS;
			};
			name = Release;
		};
/* End XCBuildConfiguration section */

/* Begin XCConfigurationList section */
		2B21F88327AA7F5300E42977 /* Build configuration list for PBXProject "DemoIOS" */ = {
			isa = XCConfigurationList;
			buildConfigurations = (
				2B21F8B027AA7F5600E42977 /* Debug */,
				2B21F8B127AA7F5600E42977 /* Release */,
			);
			defaultConfigurationIsVisible = 0;
			defaultConfigurationName = Release;
		};
		2B21F8B227AA7F5600E42977 /* Build configuration list for PBXNativeTarget "DemoIOS" */ = {
			isa = XCConfigurationList;
			buildConfigurations = (
				2B21F8B327AA7F5600E42977 /* Debug */,
				2B21F8B427AA7F5600E42977 /* Release */,
			);
			defaultConfigurationIsVisible = 0;
			defaultConfigurationName = Release;
		};
		2B21F8B527AA7F5600E42977 /* Build configuration list for PBXNativeTarget "DemoIOSTests" */ = {
			isa = XCConfigurationList;
			buildConfigurations = (
				2B21F8B627AA7F5600E42977 /* Debug */,
				2B21F8B727AA7F5600E42977 /* Release */,
			);
			defaultConfigurationIsVisible = 0;
			defaultConfigurationName = Release;
		};
		2B21F8B827AA7F5600E42977 /* Build configuration list for PBXNativeTarget "DemoIOSUITests" */ = {
			isa = XCConfigurationList;
			buildConfigurations = (
				2B21F8B927AA7F5600E42977 /* Debug */,
				2B21F8BA27AA7F5600E42977 /* Release */,
			);
			defaultConfigurationIsVisible = 0;
			defaultConfigurationName = Release;
		};
/* End XCConfigurationList section */
	};
	rootObject = 2B21F88027AA7F5300E42977 /* Project object */;
}
